
Microsoft Visual Studio Solution File, Format Version 12.00
# Visual Studio 14
VisualStudioVersion = 14.0.24720.0
MinimumVisualStudioVersion = 10.0.40219.1
Project("{FAE04EC0-301F-11D3-BF4B-00C04F79EFBC}") = "06.01", "06.01\06.01.csproj", "{4FDE494D-D2EF-47A4-AB9C-9668E85173F7}"
EndProject
Project("{FAE04EC0-301F-11D3-BF4B-00C04F79EFBC}") = "06.02", "06.02\06.02.csproj", "{E515608D-5A60-4C08-B814-505B8CE92B75}"
EndProject
Project("{FAE04EC0-301F-11D3-BF4B-00C04F79EFBC}") = "06.01_with_alternates", "06.01_with_alternates\06.01_with_alternates.csproj", "{C893D0EA-354A-4D1B-82EA-152A8FBAFF12}"
EndProject
Project("{FAE04EC0-301F-11D3-BF4B-00C04F79EFBC}") = "06.03", "06.03\06.03.csproj", "{E0A7FF10-4D93-4FB8-AA0A-8FCA5F3A9608}"
EndProject
Project("{FAE04EC0-301F-11D3-BF4B-00C04F79EFBC}") = "06.04", "06.04\06.04.csproj", "{8283ACE7-0390-42DE-87F9-4DA4B8E3176D}"
EndProject
Project("{FAE04EC0-301F-11D3-BF4B-00C04F79EFBC}") = "06.05", "06.05\06.05.csproj", "{06A23189-8E27-4594-A559-89BC4081E245}"
EndProject
Project("{FAE04EC0-301F-11D3-BF4B-00C04F79EFBC}") = "06.06", "06.06\06.06.csproj", "{A18274EC-B6B7-4779-8F26-6A6E5C88890E}"
EndProject
Project("{FAE04EC0-301F-11D3-BF4B-00C04F79EFBC}") = "06.07", "06.07\06.07.csproj", "{B042BD9A-CFB6-4CBA-A9A5-1F1565FF6043}"
EndProject
Project("{FAE04EC0-301F-11D3-BF4B-00C04F79EFBC}") = "06.08", "06.08\06.08.csproj", "{CB8346EA-92D6-419E-A1A8-5CF82A24A64A}"
EndProject
Project("{FAE04EC0-301F-11D3-BF4B-00C04F79EFBC}") = "06.05_TeachersMethod", "06.05_TeachersMethod\06.05_TeachersMethod.csproj", "{115AB9B4-5AAE-498F-A00F-232776A307F4}"
EndProject
Project("{FAE04EC0-301F-11D3-BF4B-00C04F79EFBC}") = "04.a", "04.a\04.a.csproj", "{386A17EF-D221-4FD3-9281-E419F866570B}"
EndProject
Project("{FAE04EC0-301F-11D3-BF4B-00C04F79EFBC}") = "04.c", "04.c\04.c.csproj", "{9B9A7B7C-A983-4943-B587-1D44C1DE2EEA}"
EndProject
Project("{FAE04EC0-301F-11D3-BF4B-00C04F79EFBC}") = "04.d", "04.d\04.d.csproj", "{5A6DDE57-0892-438D-A467-D2569CB6DA64}"
EndProject
Project("{FAE04EC0-301F-11D3-BF4B-00C04F79EFBC}") = "05.a", "05.a\05.a.csproj", "{8438E656-7F06-4497-A87F-30911AEC439E}"
EndProject
Project("{FAE04EC0-301F-11D3-BF4B-00C04F79EFBC}") = "5.b", "5.b\5.b.csproj", "{BA2C50BB-595F-4350-AFD3-73A2A14D977D}"
EndProject
Project("{FAE04EC0-301F-11D3-BF4B-00C04F79EFBC}") = "06.a", "06.a\06.a.csproj", "{CFEE6E99-6125-4B1F-9CEF-9D0817AB9124}"
EndProject
Project("{FAE04EC0-301F-11D3-BF4B-00C04F79EFBC}") = "6.b", "6.b\6.b.csproj", "{4DEE76FB-AD7A-4E7B-AEF9-B12DE34928D9}"
EndProject
Project("{FAE04EC0-301F-11D3-BF4B-00C04F79EFBC}") = "6.c", "6.c\6.c.csproj", "{5F99A0DD-8B6A-45E1-A8F2-3E93839F0BEB}"
EndProject
Project("{FAE04EC0-301F-11D3-BF4B-00C04F79EFBC}") = "7.a", "7.a\7.a.csproj", "{FE1E4CAC-07EA-41A6-8537-AE8712985CD9}"
EndProject
Project("{FAE04EC0-301F-11D3-BF4B-00C04F79EFBC}") = "7.b", "7.b\7.b.csproj", "{AAEAB078-6766-4D32-8891-EF75921F963C}"
EndProject
Project("{FAE04EC0-301F-11D3-BF4B-00C04F79EFBC}") = "Testing", "Testing\Testing.csproj", "{CFCCF9DB-5F77-4B2A-91DC-B6C2E7DC0A94}"
EndProject
Global
	GlobalSection(SolutionConfigurationPlatforms) = preSolution
		Debug|Any CPU = Debug|Any CPU
		Release|Any CPU = Release|Any CPU
	EndGlobalSection
	GlobalSection(ProjectConfigurationPlatforms) = postSolution
		{4FDE494D-D2EF-47A4-AB9C-9668E85173F7}.Debug|Any CPU.ActiveCfg = Debug|Any CPU
		{4FDE494D-D2EF-47A4-AB9C-9668E85173F7}.Debug|Any CPU.Build.0 = Debug|Any CPU
		{4FDE494D-D2EF-47A4-AB9C-9668E85173F7}.Release|Any CPU.ActiveCfg = Release|Any CPU
		{4FDE494D-D2EF-47A4-AB9C-9668E85173F7}.Release|Any CPU.Build.0 = Release|Any CPU
		{E515608D-5A60-4C08-B814-505B8CE92B75}.Debug|Any CPU.ActiveCfg = Debug|Any CPU
		{E515608D-5A60-4C08-B814-505B8CE92B75}.Debug|Any CPU.Build.0 = Debug|Any CPU
		{E515608D-5A60-4C08-B814-505B8CE92B75}.Release|Any CPU.ActiveCfg = Release|Any CPU
		{E515608D-5A60-4C08-B814-505B8CE92B75}.Release|Any CPU.Build.0 = Release|Any CPU
		{C893D0EA-354A-4D1B-82EA-152A8FBAFF12}.Debug|Any CPU.ActiveCfg = Debug|Any CPU
		{C893D0EA-354A-4D1B-82EA-152A8FBAFF12}.Debug|Any CPU.Build.0 = Debug|Any CPU
		{C893D0EA-354A-4D1B-82EA-152A8FBAFF12}.Release|Any CPU.ActiveCfg = Release|Any CPU
		{C893D0EA-354A-4D1B-82EA-152A8FBAFF12}.Release|Any CPU.Build.0 = Release|Any CPU
		{E0A7FF10-4D93-4FB8-AA0A-8FCA5F3A9608}.Debug|Any CPU.ActiveCfg = Debug|Any CPU
		{E0A7FF10-4D93-4FB8-AA0A-8FCA5F3A9608}.Debug|Any CPU.Build.0 = Debug|Any CPU
		{E0A7FF10-4D93-4FB8-AA0A-8FCA5F3A9608}.Release|Any CPU.ActiveCfg = Release|Any CPU
		{E0A7FF10-4D93-4FB8-AA0A-8FCA5F3A9608}.Release|Any CPU.Build.0 = Release|Any CPU
		{8283ACE7-0390-42DE-87F9-4DA4B8E3176D}.Debug|Any CPU.ActiveCfg = Debug|Any CPU
		{8283ACE7-0390-42DE-87F9-4DA4B8E3176D}.Debug|Any CPU.Build.0 = Debug|Any CPU
		{8283ACE7-0390-42DE-87F9-4DA4B8E3176D}.Release|Any CPU.ActiveCfg = Release|Any CPU
		{8283ACE7-0390-42DE-87F9-4DA4B8E3176D}.Release|Any CPU.Build.0 = Release|Any CPU
		{06A23189-8E27-4594-A559-89BC4081E245}.Debug|Any CPU.ActiveCfg = Debug|Any CPU
		{06A23189-8E27-4594-A559-89BC4081E245}.Debug|Any CPU.Build.0 = Debug|Any CPU
		{06A23189-8E27-4594-A559-89BC4081E245}.Release|Any CPU.ActiveCfg = Release|Any CPU
		{06A23189-8E27-4594-A559-89BC4081E245}.Release|Any CPU.Build.0 = Release|Any CPU
		{A18274EC-B6B7-4779-8F26-6A6E5C88890E}.Debug|Any CPU.ActiveCfg = Debug|Any CPU
		{A18274EC-B6B7-4779-8F26-6A6E5C88890E}.Debug|Any CPU.Build.0 = Debug|Any CPU
		{A18274EC-B6B7-4779-8F26-6A6E5C88890E}.Release|Any CPU.ActiveCfg = Release|Any CPU
		{A18274EC-B6B7-4779-8F26-6A6E5C88890E}.Release|Any CPU.Build.0 = Release|Any CPU
		{B042BD9A-CFB6-4CBA-A9A5-1F1565FF6043}.Debug|Any CPU.ActiveCfg = Debug|Any CPU
		{B042BD9A-CFB6-4CBA-A9A5-1F1565FF6043}.Debug|Any CPU.Build.0 = Debug|Any CPU
		{B042BD9A-CFB6-4CBA-A9A5-1F1565FF6043}.Release|Any CPU.ActiveCfg = Release|Any CPU
		{B042BD9A-CFB6-4CBA-A9A5-1F1565FF6043}.Release|Any CPU.Build.0 = Release|Any CPU
		{CB8346EA-92D6-419E-A1A8-5CF82A24A64A}.Debug|Any CPU.ActiveCfg = Debug|Any CPU
		{CB8346EA-92D6-419E-A1A8-5CF82A24A64A}.Debug|Any CPU.Build.0 = Debug|Any CPU
		{CB8346EA-92D6-419E-A1A8-5CF82A24A64A}.Release|Any CPU.ActiveCfg = Release|Any CPU
		{CB8346EA-92D6-419E-A1A8-5CF82A24A64A}.Release|Any CPU.Build.0 = Release|Any CPU
		{115AB9B4-5AAE-498F-A00F-232776A307F4}.Debug|Any CPU.ActiveCfg = Debug|Any CPU
		{115AB9B4-5AAE-498F-A00F-232776A307F4}.Debug|Any CPU.Build.0 = Debug|Any CPU
		{115AB9B4-5AAE-498F-A00F-232776A307F4}.Release|Any CPU.ActiveCfg = Release|Any CPU
		{115AB9B4-5AAE-498F-A00F-232776A307F4}.Release|Any CPU.Build.0 = Release|Any CPU
		{386A17EF-D221-4FD3-9281-E419F866570B}.Debug|Any CPU.ActiveCfg = Debug|Any CPU
		{386A17EF-D221-4FD3-9281-E419F866570B}.Debug|Any CPU.Build.0 = Debug|Any CPU
		{386A17EF-D221-4FD3-9281-E419F866570B}.Release|Any CPU.ActiveCfg = Release|Any CPU
		{386A17EF-D221-4FD3-9281-E419F866570B}.Release|Any CPU.Build.0 = Release|Any CPU
		{9B9A7B7C-A983-4943-B587-1D44C1DE2EEA}.Debug|Any CPU.ActiveCfg = Debug|Any CPU
		{9B9A7B7C-A983-4943-B587-1D44C1DE2EEA}.Debug|Any CPU.Build.0 = Debug|Any CPU
		{9B9A7B7C-A983-4943-B587-1D44C1DE2EEA}.Release|Any CPU.ActiveCfg = Release|Any CPU
		{9B9A7B7C-A983-4943-B587-1D44C1DE2EEA}.Release|Any CPU.Build.0 = Release|Any CPU
		{5A6DDE57-0892-438D-A467-D2569CB6DA64}.Debug|Any CPU.ActiveCfg = Debug|Any CPU
		{5A6DDE57-0892-438D-A467-D2569CB6DA64}.Debug|Any CPU.Build.0 = Debug|Any CPU
		{5A6DDE57-0892-438D-A467-D2569CB6DA64}.Release|Any CPU.ActiveCfg = Release|Any CPU
		{5A6DDE57-0892-438D-A467-D2569CB6DA64}.Release|Any CPU.Build.0 = Release|Any CPU
		{8438E656-7F06-4497-A87F-30911AEC439E}.Debug|Any CPU.ActiveCfg = Debug|Any CPU
		{8438E656-7F06-4497-A87F-30911AEC439E}.Debug|Any CPU.Build.0 = Debug|Any CPU
		{8438E656-7F06-4497-A87F-30911AEC439E}.Release|Any CPU.ActiveCfg = Release|Any CPU
		{8438E656-7F06-4497-A87F-30911AEC439E}.Release|Any CPU.Build.0 = Release|Any CPU
		{BA2C50BB-595F-4350-AFD3-73A2A14D977D}.Debug|Any CPU.ActiveCfg = Debug|Any CPU
		{BA2C50BB-595F-4350-AFD3-73A2A14D977D}.Debug|Any CPU.Build.0 = Debug|Any CPU
		{BA2C50BB-595F-4350-AFD3-73A2A14D977D}.Release|Any CPU.ActiveCfg = Release|Any CPU
		{BA2C50BB-595F-4350-AFD3-73A2A14D977D}.Release|Any CPU.Build.0 = Release|Any CPU
		{CFEE6E99-6125-4B1F-9CEF-9D0817AB9124}.Debug|Any CPU.ActiveCfg = Debug|Any CPU
		{CFEE6E99-6125-4B1F-9CEF-9D0817AB9124}.Debug|Any CPU.Build.0 = Debug|Any CPU
		{CFEE6E99-6125-4B1F-9CEF-9D0817AB9124}.Release|Any CPU.ActiveCfg = Release|Any CPU
		{CFEE6E99-6125-4B1F-9CEF-9D0817AB9124}.Release|Any CPU.Build.0 = Release|Any CPU
		{4DEE76FB-AD7A-4E7B-AEF9-B12DE34928D9}.Debug|Any CPU.ActiveCfg = Debug|Any CPU
		{4DEE76FB-AD7A-4E7B-AEF9-B12DE34928D9}.Debug|Any CPU.Build.0 = Debug|Any CPU
		{4DEE76FB-AD7A-4E7B-AEF9-B12DE34928D9}.Release|Any CPU.ActiveCfg = Release|Any CPU
		{4DEE76FB-AD7A-4E7B-AEF9-B12DE34928D9}.Release|Any CPU.Build.0 = Release|Any CPU
		{5F99A0DD-8B6A-45E1-A8F2-3E93839F0BEB}.Debug|Any CPU.ActiveCfg = Debug|Any CPU
		{5F99A0DD-8B6A-45E1-A8F2-3E93839F0BEB}.Debug|Any CPU.Build.0 = Debug|Any CPU
		{5F99A0DD-8B6A-45E1-A8F2-3E93839F0BEB}.Release|Any CPU.ActiveCfg = Release|Any CPU
		{5F99A0DD-8B6A-45E1-A8F2-3E93839F0BEB}.Release|Any CPU.Build.0 = Release|Any CPU
		{FE1E4CAC-07EA-41A6-8537-AE8712985CD9}.Debug|Any CPU.ActiveCfg = Debug|Any CPU
		{FE1E4CAC-07EA-41A6-8537-AE8712985CD9}.Debug|Any CPU.Build.0 = Debug|Any CPU
		{FE1E4CAC-07EA-41A6-8537-AE8712985CD9}.Release|Any CPU.ActiveCfg = Release|Any CPU
		{FE1E4CAC-07EA-41A6-8537-AE8712985CD9}.Release|Any CPU.Build.0 = Release|Any CPU
		{AAEAB078-6766-4D32-8891-EF75921F963C}.Debug|Any CPU.ActiveCfg = Debug|Any CPU
		{AAEAB078-6766-4D32-8891-EF75921F963C}.Debug|Any CPU.Build.0 = Debug|Any CPU
		{AAEAB078-6766-4D32-8891-EF75921F963C}.Release|Any CPU.ActiveCfg = Release|Any CPU
		{AAEAB078-6766-4D32-8891-EF75921F963C}.Release|Any CPU.Build.0 = Release|Any CPU
		{CFCCF9DB-5F77-4B2A-91DC-B6C2E7DC0A94}.Debug|Any CPU.ActiveCfg = Debug|Any CPU
		{CFCCF9DB-5F77-4B2A-91DC-B6C2E7DC0A94}.Debug|Any CPU.Build.0 = Debug|Any CPU
		{CFCCF9DB-5F77-4B2A-91DC-B6C2E7DC0A94}.Release|Any CPU.ActiveCfg = Release|Any CPU
		{CFCCF9DB-5F77-4B2A-91DC-B6C2E7DC0A94}.Release|Any CPU.Build.0 = Release|Any CPU
	EndGlobalSection
	GlobalSection(SolutionProperties) = preSolution
		HideSolutionNode = FALSE
	EndGlobalSection
EndGlobal
